{
    "name": "@fullstacked/builder-tailwindcss",
    "version": "0.0.0",
    "lockfileVersion": 3,
    "requires": true,
    "packages": {
        "": {
            "name": "@fullstacked/builder-tailwindcss",
            "version": "0.0.0",
            "dependencies": {
                "@types/node": "^26.0.1",
                "lightningcss-wasm": "^1.32.0",
                "oxide-wasm": "^0.1.1",
                "tailwindcss": "^4.3.1"
            }
        },
        "node_modules/@types/node": {
            "version": "26.0.1",
            "resolved": "https://registry.npmjs.org/@types/node/-/node-26.0.1.tgz",
            "integrity": "sha512-fc3KiUoBt6kie0N9bIW3E47vZsuaMf0PM2AaUpLCLT0s/LvX1nxAim6Fc049cNxODPpGm6qRAuUOB86SkRuPQw==",
            "license": "MIT",
            "dependencies": {
                "undici-types": "~8.3.0"
            }
        },
        "node_modules/lightningcss-wasm": {
            "version": "1.32.0",
            "resolved": "https://registry.npmjs.org/lightningcss-wasm/-/lightningcss-wasm-1.32.0.tgz",
            "integrity": "sha512-SteAkCtRuSCDYPGHKhLV/dDs5Bk+7I4QUxWxfk4xwsTI1rQk8MQyYtpGcd3NECsUGzK0q2/KqoVS+YHCqKHUTQ==",
            "bundleDependencies": [
                "napi-wasm"
            ],
            "license": "MPL-2.0",
            "dependencies": {
                "napi-wasm": "^1.0.1"
            },
            "engines": {
                "node": ">= 12.0.0"
            },
            "funding": {
                "type": "opencollective",
                "url": "https://opencollective.com/parcel"
            }
        },
        "node_modules/lightningcss-wasm/node_modules/napi-wasm": {
            "version": "1.1.3",
            "inBundle": true,
            "license": "MIT"
        },
        "node_modules/oxide-wasm": {
            "version": "0.1.1",
            "resolved": "https://registry.npmjs.org/oxide-wasm/-/oxide-wasm-0.1.1.tgz",
            "integrity": "sha512-H0nbgYujQuKWlvpccMKaLlzVZGJ45mt+pR5EPQnwgyQz8t4ccBVYtLzMrrSvoB5Fh7IChHwHCluqG3c0OzxPfw==",
            "license": "MIT"
        },
        "node_modules/tailwindcss": {
            "version": "4.3.1",
            "resolved": "https://registry.npmjs.org/tailwindcss/-/tailwindcss-4.3.1.tgz",
            "integrity": "sha512-hk+TB1m+K8CYNrP6rjQaq/Y+4Zylwpa87mLYBKCunwnnQ9p+fHb7kmSfGqyEJoxF/O6CDyABWVFEafNSYKll+Q==",
            "license": "MIT"
        },
        "node_modules/undici-types": {
            "version": "8.3.0",
            "resolved": "https://registry.npmjs.org/undici-types/-/undici-types-8.3.0.tgz",
            "integrity": "sha512-j375ScV60dom+YkPFIfTLcOiPxkN/buHz5GobjLhixFuANaNs3C9l4GmrWqejgXWJ7BbJcFYpTEUkS1Ge8bpZQ==",
            "license": "MIT"
        }
    }
}
